// !$*UTF8*$!
{
	archiveVersion = 1;
	classes = {
	};
	objectVersion = 50;
	objects = {

/* Begin PBXBuildFile section */
		4A018558268EFDC800835CAD /* NotificationManager.swift in Sources */ = {isa = PBXBuildFile; fileRef = 4A018557268EFDC800835CAD /* NotificationManager.swift */; };
		4A18BDAD2651258D00C7A4B1 /* OneButtonAlert.swift in Sources */ = {isa = PBXBuildFile; fileRef = 4A18BDAC2651258D00C7A4B1 /* OneButtonAlert.swift */; };
		4A18BDB32651287000C7A4B1 /* LocalStrings.swift in Sources */ = {isa = PBXBuildFile; fileRef = 4A18BDB22651287000C7A4B1 /* LocalStrings.swift */; };
		4A18BDB72651304300C7A4B1 /* PaymentsView.swift in Sources */ = {isa = PBXBuildFile; fileRef = 4A18BDB62651304300C7A4B1 /* PaymentsView.swift */; };
		4A2731A0262AA604002658B6 /* PersonImage.swift in Sources */ = {isa = PBXBuildFile; fileRef = 4A27319F262AA604002658B6 /* PersonImage.swift */; };
		4A2731A3262AA9FB002658B6 /* DebtorDetailView.swift in Sources */ = {isa = PBXBuildFile; fileRef = 4A2731A2262AA9FB002658B6 /* DebtorDetailView.swift */; };
		4A2731B8262AB362002658B6 /* PaymentCD+CoreDataClass.swift in Sources */ = {isa = PBXBuildFile; fileRef = 4A2731B2262AB362002658B6 /* PaymentCD+CoreDataClass.swift */; };
		4A2731B9262AB362002658B6 /* PaymentCD+CoreDataProperties.swift in Sources */ = {isa = PBXBuildFile; fileRef = 4A2731B3262AB362002658B6 /* PaymentCD+CoreDataProperties.swift */; };
		4A2731BA262AB362002658B6 /* DebtorCD+CoreDataClass.swift in Sources */ = {isa = PBXBuildFile; fileRef = 4A2731B4262AB362002658B6 /* DebtorCD+CoreDataClass.swift */; };
		4A2731BB262AB362002658B6 /* DebtorCD+CoreDataProperties.swift in Sources */ = {isa = PBXBuildFile; fileRef = 4A2731B5262AB362002658B6 /* DebtorCD+CoreDataProperties.swift */; };
		4A2731BC262AB362002658B6 /* DebtCD+CoreDataClass.swift in Sources */ = {isa = PBXBuildFile; fileRef = 4A2731B6262AB362002658B6 /* DebtCD+CoreDataClass.swift */; };
		4A2731BD262AB362002658B6 /* DebtCD+CoreDataProperties.swift in Sources */ = {isa = PBXBuildFile; fileRef = 4A2731B7262AB362002658B6 /* DebtCD+CoreDataProperties.swift */; };
		4A30A9182626A9A000CBA6B7 /* SettingsView.swift in Sources */ = {isa = PBXBuildFile; fileRef = 4A30A9172626A9A000CBA6B7 /* SettingsView.swift */; };
		4A30A91B2626AAEE00CBA6B7 /* HistoryView.swift in Sources */ = {isa = PBXBuildFile; fileRef = 4A30A91A2626AAEE00CBA6B7 /* HistoryView.swift */; };
		4A30A9202627428A00CBA6B7 /* DebtDetailsView.swift in Sources */ = {isa = PBXBuildFile; fileRef = 4A30A91F2627428A00CBA6B7 /* DebtDetailsView.swift */; };
		4A30A9232627450300CBA6B7 /* DebtsCellView.swift in Sources */ = {isa = PBXBuildFile; fileRef = 4A30A9222627450300CBA6B7 /* DebtsCellView.swift */; };
		4A30A9262627475D00CBA6B7 /* DebtorsCellView.swift in Sources */ = {isa = PBXBuildFile; fileRef = 4A30A9252627475D00CBA6B7 /* DebtorsCellView.swift */; };
		4A487AF52650F00200FE185C /* PaymentCellView.swift in Sources */ = {isa = PBXBuildFile; fileRef = 4A487AF42650F00200FE185C /* PaymentCellView.swift */; };
		4A4F135D262065D600B70F0C /* SheetType.swift in Sources */ = {isa = PBXBuildFile; fileRef = 4A4F135C262065D600B70F0C /* SheetType.swift */; };
		4A4F13642621583A00B70F0C /* AddDebtorInfoButton.swift in Sources */ = {isa = PBXBuildFile; fileRef = 4A4F13632621583A00B70F0C /* AddDebtorInfoButton.swift */; };
		4A4F136826215BB900B70F0C /* AddDebtViewModel.swift in Sources */ = {isa = PBXBuildFile; fileRef = 4A4F136726215BB900B70F0C /* AddDebtViewModel.swift */; };
		4A4F136B26215C6900B70F0C /* DebtorStatus.swift in Sources */ = {isa = PBXBuildFile; fileRef = 4A4F136A26215C6900B70F0C /* DebtorStatus.swift */; };
		4A4F13712621662A00B70F0C /* CurrencyListView.swift in Sources */ = {isa = PBXBuildFile; fileRef = 4A4F13702621662A00B70F0C /* CurrencyListView.swift */; };
		4A4F137D262171A900B70F0C /* Currency.swift in Sources */ = {isa = PBXBuildFile; fileRef = 4A4F137C262171A900B70F0C /* Currency.swift */; };
		4A4F1380262171BE00B70F0C /* CurrencyModel.swift in Sources */ = {isa = PBXBuildFile; fileRef = 4A4F137F262171BE00B70F0C /* CurrencyModel.swift */; };
		4A4F13872621789000B70F0C /* CurrencyCell.swift in Sources */ = {isa = PBXBuildFile; fileRef = 4A4F13862621788F00B70F0C /* CurrencyCell.swift */; };
		4A5F1159262BE8A800A3285B /* AlertType.swift in Sources */ = {isa = PBXBuildFile; fileRef = 4A5F1158262BE8A800A3285B /* AlertType.swift */; };
		4A5F115F262BF8E600A3285B /* Extention+String.swift in Sources */ = {isa = PBXBuildFile; fileRef = 4A5F115E262BF8E600A3285B /* Extention+String.swift */; };
		4A5F1162262C1E5B00A3285B /* ContactController.swift in Sources */ = {isa = PBXBuildFile; fileRef = 4A5F1161262C1E5B00A3285B /* ContactController.swift */; };
		4A5F1172262C55DC00A3285B /* ChooseDebtorsListView.swift in Sources */ = {isa = PBXBuildFile; fileRef = 4A5F1171262C55DC00A3285B /* ChooseDebtorsListView.swift */; };
		4A75EF542693BB8500394EA9 /* TwoButtonActionCancel.swift in Sources */ = {isa = PBXBuildFile; fileRef = 4A75EF532693BB8500394EA9 /* TwoButtonActionCancel.swift */; };
		4A7DCB08269364CF008185C8 /* UDKeys.swift in Sources */ = {isa = PBXBuildFile; fileRef = 4A7DCB07269364CF008185C8 /* UDKeys.swift */; };
		4A85D95F262332F500EAEC86 /* CurrencyViewModel.swift in Sources */ = {isa = PBXBuildFile; fileRef = 4A85D95E262332F500EAEC86 /* CurrencyViewModel.swift */; };
		4A85D96626248AE800EAEC86 /* AppSettings.swift in Sources */ = {isa = PBXBuildFile; fileRef = 4A85D96526248AE800EAEC86 /* AppSettings.swift */; };
		4A8FDAE92641E46F003CA238 /* DebtorsDebtsModel.swift in Sources */ = {isa = PBXBuildFile; fileRef = 4A8FDAE82641E46F003CA238 /* DebtorsDebtsModel.swift */; };
		4A8FDAED26424F72003CA238 /* AddPaymentView.swift in Sources */ = {isa = PBXBuildFile; fileRef = 4A8FDAEC26424F72003CA238 /* AddPaymentView.swift */; };
		4A8FDAF126446A84003CA238 /* GraphicSettings.swift in Sources */ = {isa = PBXBuildFile; fileRef = 4A8FDAF026446A84003CA238 /* GraphicSettings.swift */; };
		4A8FDAF626448356003CA238 /* Extention+Date.swift in Sources */ = {isa = PBXBuildFile; fileRef = 4A8FDAF526448356003CA238 /* Extention+Date.swift */; };
		4A8FDAFA2644866D003CA238 /* AppNavigationButtons.swift in Sources */ = {isa = PBXBuildFile; fileRef = 4A8FDAF92644866D003CA238 /* AppNavigationButtons.swift */; };
		4A8FDAFF2644934C003CA238 /* DebtDetailSection.swift in Sources */ = {isa = PBXBuildFile; fileRef = 4A8FDAFE2644934C003CA238 /* DebtDetailSection.swift */; };
		4A8FDB04264498C5003CA238 /* DebtPaymentViewModel.swift in Sources */ = {isa = PBXBuildFile; fileRef = 4A8FDB03264498C5003CA238 /* DebtPaymentViewModel.swift */; };
		4A90DA4D2656D36300BA2E53 /* SimpleButtonModifire.swift in Sources */ = {isa = PBXBuildFile; fileRef = 4A90DA4C2656D36300BA2E53 /* SimpleButtonModifire.swift */; };
		4A90DA512660096B00BA2E53 /* DebtDetailHStackCell.swift in Sources */ = {isa = PBXBuildFile; fileRef = 4A90DA502660096B00BA2E53 /* DebtDetailHStackCell.swift */; };
		4A90DA56266C7DD400BA2E53 /* Extention+NumberFormatter.swift in Sources */ = {isa = PBXBuildFile; fileRef = 4A90DA55266C7DD400BA2E53 /* Extention+NumberFormatter.swift */; };
		4A9585B8262DBC5A0018A914 /* SettingsViewModel.swift in Sources */ = {isa = PBXBuildFile; fileRef = 4A9585B7262DBC5A0018A914 /* SettingsViewModel.swift */; };
		4A9585BE2630BB9A0018A914 /* MyDateFormatter.swift in Sources */ = {isa = PBXBuildFile; fileRef = 4A9585BD2630BB9A0018A914 /* MyDateFormatter.swift */; };
		4AC21B5F261D69F6001FF9EB /* DebtsView.swift in Sources */ = {isa = PBXBuildFile; fileRef = 4AC21B5E261D69F6001FF9EB /* DebtsView.swift */; };
		4AC89021269F0A5500B21363 /* AddDebtView.swift in Sources */ = {isa = PBXBuildFile; fileRef = 4AC8901F269F0A5500B21363 /* AddDebtView.swift */; };
		4AC89022269F0A5500B21363 /* DebtorInfoSectionView.swift in Sources */ = {isa = PBXBuildFile; fileRef = 4AC89020269F0A5500B21363 /* DebtorInfoSectionView.swift */; };
		4AC89024269F0B9700B21363 /* DebtSectionView.swift in Sources */ = {isa = PBXBuildFile; fileRef = 4AC89023269F0B9700B21363 /* DebtSectionView.swift */; };
		4AC89026269F0C0200B21363 /* InterestSectionView.swift in Sources */ = {isa = PBXBuildFile; fileRef = 4AC89025269F0C0200B21363 /* InterestSectionView.swift */; };
		4AC89028269F0C5A00B21363 /* PenaltySectionView.swift in Sources */ = {isa = PBXBuildFile; fileRef = 4AC89027269F0C5A00B21363 /* PenaltySectionView.swift */; };
		4AC8902A269F0CFA00B21363 /* EditedDebtSectionView.swift in Sources */ = {isa = PBXBuildFile; fileRef = 4AC89029269F0CFA00B21363 /* EditedDebtSectionView.swift */; };
		4ACCC90626260CCF009AD9E3 /* DebtsViewModel.swift in Sources */ = {isa = PBXBuildFile; fileRef = 4ACCC90526260CCF009AD9E3 /* DebtsViewModel.swift */; };
		4ACCC90926261E4A009AD9E3 /* DebtorsView.swift in Sources */ = {isa = PBXBuildFile; fileRef = 4ACCC90826261E4A009AD9E3 /* DebtorsView.swift */; };
		4ACCC90C262625EC009AD9E3 /* CellModifire.swift in Sources */ = {isa = PBXBuildFile; fileRef = 4ACCC90B262625EC009AD9E3 /* CellModifire.swift */; };
		4AE1E55126999687007E8375 /* MessageComposeView.swift in Sources */ = {isa = PBXBuildFile; fileRef = 4AE1E55026999687007E8375 /* MessageComposeView.swift */; };
		4AE1E5532699C3DF007E8375 /* ConnectionManager.swift in Sources */ = {isa = PBXBuildFile; fileRef = 4AE1E5522699C3DF007E8375 /* ConnectionManager.swift */; };
		4AE1E5562699C9F8007E8375 /* MailView.swift in Sources */ = {isa = PBXBuildFile; fileRef = 4AE1E5552699C9F8007E8375 /* MailView.swift */; };
		4AE1E558269B57B0007E8375 /* AppID.swift in Sources */ = {isa = PBXBuildFile; fileRef = 4AE1E557269B57B0007E8375 /* AppID.swift */; };
		4AE1E55A269B634D007E8375 /* FeedbackButton.swift in Sources */ = {isa = PBXBuildFile; fileRef = 4AE1E559269B634D007E8375 /* FeedbackButton.swift */; };
		4AE1E55D269ECA91007E8375 /* PenaltyType.swift in Sources */ = {isa = PBXBuildFile; fileRef = 4AE1E55C269ECA91007E8375 /* PenaltyType.swift */; };
		4AF3D981261CEB2B0045EB79 /* Page.swift in Sources */ = {isa = PBXBuildFile; fileRef = 4AF3D980261CEB2B0045EB79 /* Page.swift */; };
		4AF3D984261CEDFA0045EB79 /* TabBarAddButton.swift in Sources */ = {isa = PBXBuildFile; fileRef = 4AF3D983261CEDFA0045EB79 /* TabBarAddButton.swift */; };
		68F14F4625ECA9A300A70A57 /* DebtsApp.swift in Sources */ = {isa = PBXBuildFile; fileRef = 68F14F4525ECA9A300A70A57 /* DebtsApp.swift */; };
		68F14F4825ECA9A300A70A57 /* MainTabView.swift in Sources */ = {isa = PBXBuildFile; fileRef = 68F14F4725ECA9A300A70A57 /* MainTabView.swift */; };
		68F14F4A25ECA9A400A70A57 /* Assets.xcassets in Resources */ = {isa = PBXBuildFile; fileRef = 68F14F4925ECA9A400A70A57 /* Assets.xcassets */; };
		68F14F4D25ECA9A400A70A57 /* Preview Assets.xcassets in Resources */ = {isa = PBXBuildFile; fileRef = 68F14F4C25ECA9A400A70A57 /* Preview Assets.xcassets */; };
		68F14F4F25ECA9A400A70A57 /* CDStack.swift in Sources */ = {isa = PBXBuildFile; fileRef = 68F14F4E25ECA9A400A70A57 /* CDStack.swift */; };
		68F14F5225ECA9A400A70A57 /* Debts.xcdatamodeld in Sources */ = {isa = PBXBuildFile; fileRef = 68F14F5025ECA9A400A70A57 /* Debts.xcdatamodeld */; };
		68F14F5E25ECAA4A00A70A57 /* CloudKit.framework in Frameworks */ = {isa = PBXBuildFile; fileRef = 68F14F5D25ECAA4A00A70A57 /* CloudKit.framework */; };
		68F14F6725ECB38C00A70A57 /* PercentType.swift in Sources */ = {isa = PBXBuildFile; fileRef = 68F14F6625ECB38C00A70A57 /* PercentType.swift */; };
		C81D3A182749893B00E01D16 /* DebtPenaltySection.swift in Sources */ = {isa = PBXBuildFile; fileRef = C81D3A172749893B00E01D16 /* DebtPenaltySection.swift */; };
		C8403D2F27398605001A0B7B /* SortImage.swift in Sources */ = {isa = PBXBuildFile; fileRef = C8403D2E27398605001A0B7B /* SortImage.swift */; };
		C8403D3127398D29001A0B7B /* SortModel.swift in Sources */ = {isa = PBXBuildFile; fileRef = C8403D3027398D29001A0B7B /* SortModel.swift */; };
		C84E02A42764FFA300F20F55 /* DataManager.swift in Sources */ = {isa = PBXBuildFile; fileRef = C84E02A32764FFA300F20F55 /* DataManager.swift */; };
		C86D84A32732428B004C089A /* Extention+Double.swift in Sources */ = {isa = PBXBuildFile; fileRef = C86D84A22732428B004C089A /* Extention+Double.swift */; };
		C86D84A527359592004C089A /* HistoryViewModel.swift in Sources */ = {isa = PBXBuildFile; fileRef = C86D84A427359592004C089A /* HistoryViewModel.swift */; };
		C88534FD2750CE7300118976 /* CloseDebtButton.swift in Sources */ = {isa = PBXBuildFile; fileRef = C88534FC2750CE7300118976 /* CloseDebtButton.swift */; };
		C88535012756217C00118976 /* CompareDebtorSheetButtonModifire.swift in Sources */ = {isa = PBXBuildFile; fileRef = C88535002756217C00118976 /* CompareDebtorSheetButtonModifire.swift */; };
		C88535052756B89600118976 /* CompareDebtsSheetView.swift in Sources */ = {isa = PBXBuildFile; fileRef = C88535042756B89600118976 /* CompareDebtsSheetView.swift */; };
		C88535072756BA2800118976 /* CustomActionSheetModifire.swift in Sources */ = {isa = PBXBuildFile; fileRef = C88535062756BA2800118976 /* CustomActionSheetModifire.swift */; };
		C88535092756C67200118976 /* DebtorDataEditView.swift in Sources */ = {isa = PBXBuildFile; fileRef = C88535082756C67200118976 /* DebtorDataEditView.swift */; };
		C885350D27581D5700118976 /* BackgroundViewModifire.swift in Sources */ = {isa = PBXBuildFile; fileRef = C885350C27581D5700118976 /* BackgroundViewModifire.swift */; };
		C885350F275CB46600118976 /* DebtDetailCellModifire.swift in Sources */ = {isa = PBXBuildFile; fileRef = C885350E275CB46600118976 /* DebtDetailCellModifire.swift */; };
		C8853511275CB80100118976 /* DebtorDetailCellView.swift in Sources */ = {isa = PBXBuildFile; fileRef = C8853510275CB80100118976 /* DebtorDetailCellView.swift */; };
		C8853514275CB91700118976 /* DebtorDetailPersonInfoView.swift in Sources */ = {isa = PBXBuildFile; fileRef = C8853513275CB91700118976 /* DebtorDetailPersonInfoView.swift */; };
		C8853517275CD24400118976 /* DebtInitialAndBalanceDetailView.swift.swift in Sources */ = {isa = PBXBuildFile; fileRef = C8853516275CD24400118976 /* DebtInitialAndBalanceDetailView.swift.swift */; };
		C8853519275CEABA00118976 /* HistoryCellView.swift in Sources */ = {isa = PBXBuildFile; fileRef = C8853518275CEABA00118976 /* HistoryCellView.swift */; };
		C885351B275CF3D200118976 /* NoDataBanner.swift in Sources */ = {isa = PBXBuildFile; fileRef = C885351A275CF3D200118976 /* NoDataBanner.swift */; };
		C885351D275DDB8900118976 /* ChooseDebtorsListCell.swift in Sources */ = {isa = PBXBuildFile; fileRef = C885351C275DDB8900118976 /* ChooseDebtorsListCell.swift */; };
		C8853521275DDFAF00118976 /* ImagePicker.swift in Sources */ = {isa = PBXBuildFile; fileRef = C8853520275DDFAE00118976 /* ImagePicker.swift */; };
		C8A00C09275DE81E009E7EFD /* EditDebtorDataViewModel.swift in Sources */ = {isa = PBXBuildFile; fileRef = C8A00C08275DE81E009E7EFD /* EditDebtorDataViewModel.swift */; };
		C8A4740A276289BC0038462F /* SortDebtorsModel.swift in Sources */ = {isa = PBXBuildFile; fileRef = C8A47409276289BC0038462F /* SortDebtorsModel.swift */; };
		C8A4740C2762A6D20038462F /* SortImageForLabel.swift in Sources */ = {isa = PBXBuildFile; fileRef = C8A4740B2762A6D20038462F /* SortImageForLabel.swift */; };
		C8A8FCFA2722C383001BB6E4 /* ShareSheet.swift in Sources */ = {isa = PBXBuildFile; fileRef = C8A8FCF92722C383001BB6E4 /* ShareSheet.swift */; };
		C8BDC48927670A33002EEF9A /* ImageCompressor.swift in Sources */ = {isa = PBXBuildFile; fileRef = C8BDC48827670A33002EEF9A /* ImageCompressor.swift */; };
		C8BDC48B27670B18002EEF9A /* LoadingView.swift in Sources */ = {isa = PBXBuildFile; fileRef = C8BDC48A27670B18002EEF9A /* LoadingView.swift */; };
		C8BDC48D27671823002EEF9A /* HistoryHeaderView.swift in Sources */ = {isa = PBXBuildFile; fileRef = C8BDC48C27671823002EEF9A /* HistoryHeaderView.swift */; };
		C8BDC48F276764A3002EEF9A /* VisualSettingSection.swift in Sources */ = {isa = PBXBuildFile; fileRef = C8BDC48E276764A3002EEF9A /* VisualSettingSection.swift */; };
		C8BDC4912767653B002EEF9A /* NotificationSection.swift in Sources */ = {isa = PBXBuildFile; fileRef = C8BDC4902767653B002EEF9A /* NotificationSection.swift */; };
		C8BDC49327676572002EEF9A /* FeedbackSection.swift in Sources */ = {isa = PBXBuildFile; fileRef = C8BDC49227676572002EEF9A /* FeedbackSection.swift */; };
		C8BDC49527676614002EEF9A /* PrivacySection.swift in Sources */ = {isa = PBXBuildFile; fileRef = C8BDC49427676614002EEF9A /* PrivacySection.swift */; };
		C8BDC497276771B2002EEF9A /* AuthenticationManager.swift in Sources */ = {isa = PBXBuildFile; fileRef = C8BDC496276771B2002EEF9A /* AuthenticationManager.swift */; };
/* End PBXBuildFile section */

/* Begin PBXFileReference section */
		4A018557268EFDC800835CAD /* NotificationManager.swift */ = {isa = PBXFileReference; lastKnownFileType = sourcecode.swift; path = NotificationManager.swift; sourceTree = "<group>"; };
		4A18BDAC2651258D00C7A4B1 /* OneButtonAlert.swift */ = {isa = PBXFileReference; lastKnownFileType = sourcecode.swift; path = OneButtonAlert.swift; sourceTree = "<group>"; };
		4A18BDB22651287000C7A4B1 /* LocalStrings.swift */ = {isa = PBXFileReference; lastKnownFileType = sourcecode.swift; path = LocalStrings.swift; sourceTree = "<group>"; };
		4A18BDB62651304300C7A4B1 /* PaymentsView.swift */ = {isa = PBXFileReference; lastKnownFileType = sourcecode.swift; path = PaymentsView.swift; sourceTree = "<group>"; };
		4A27319F262AA604002658B6 /* PersonImage.swift */ = {isa = PBXFileReference; lastKnownFileType = sourcecode.swift; path = PersonImage.swift; sourceTree = "<group>"; };
		4A2731A2262AA9FB002658B6 /* DebtorDetailView.swift */ = {isa = PBXFileReference; lastKnownFileType = sourcecode.swift; path = DebtorDetailView.swift; sourceTree = "<group>"; };
		4A2731B2262AB362002658B6 /* PaymentCD+CoreDataClass.swift */ = {isa = PBXFileReference; lastKnownFileType = sourcecode.swift; path = "PaymentCD+CoreDataClass.swift"; sourceTree = "<group>"; };
		4A2731B3262AB362002658B6 /* PaymentCD+CoreDataProperties.swift */ = {isa = PBXFileReference; lastKnownFileType = sourcecode.swift; path = "PaymentCD+CoreDataProperties.swift"; sourceTree = "<group>"; };
		4A2731B4262AB362002658B6 /* DebtorCD+CoreDataClass.swift */ = {isa = PBXFileReference; lastKnownFileType = sourcecode.swift; path = "DebtorCD+CoreDataClass.swift"; sourceTree = "<group>"; };
		4A2731B5262AB362002658B6 /* DebtorCD+CoreDataProperties.swift */ = {isa = PBXFileReference; lastKnownFileType = sourcecode.swift; path = "DebtorCD+CoreDataProperties.swift"; sourceTree = "<group>"; };
		4A2731B6262AB362002658B6 /* DebtCD+CoreDataClass.swift */ = {isa = PBXFileReference; lastKnownFileType = sourcecode.swift; path = "DebtCD+CoreDataClass.swift"; sourceTree = "<group>"; };
		4A2731B7262AB362002658B6 /* DebtCD+CoreDataProperties.swift */ = {isa = PBXFileReference; lastKnownFileType = sourcecode.swift; path = "DebtCD+CoreDataProperties.swift"; sourceTree = "<group>"; };
		4A30A9172626A9A000CBA6B7 /* SettingsView.swift */ = {isa = PBXFileReference; lastKnownFileType = sourcecode.swift; path = SettingsView.swift; sourceTree = "<group>"; };
		4A30A91A2626AAEE00CBA6B7 /* HistoryView.swift */ = {isa = PBXFileReference; lastKnownFileType = sourcecode.swift; path = HistoryView.swift; sourceTree = "<group>"; };
		4A30A91F2627428A00CBA6B7 /* DebtDetailsView.swift */ = {isa = PBXFileReference; lastKnownFileType = sourcecode.swift; path = DebtDetailsView.swift; sourceTree = "<group>"; };
		4A30A9222627450300CBA6B7 /* DebtsCellView.swift */ = {isa = PBXFileReference; lastKnownFileType = sourcecode.swift; path = DebtsCellView.swift; sourceTree = "<group>"; };
		4A30A9252627475D00CBA6B7 /* DebtorsCellView.swift */ = {isa = PBXFileReference; lastKnownFileType = sourcecode.swift; path = DebtorsCellView.swift; sourceTree = "<group>"; };
		4A487AF42650F00200FE185C /* PaymentCellView.swift */ = {isa = PBXFileReference; lastKnownFileType = sourcecode.swift; path = PaymentCellView.swift; sourceTree = "<group>"; };
		4A4F135C262065D600B70F0C /* SheetType.swift */ = {isa = PBXFileReference; lastKnownFileType = sourcecode.swift; path = SheetType.swift; sourceTree = "<group>"; };
		4A4F13632621583A00B70F0C /* AddDebtorInfoButton.swift */ = {isa = PBXFileReference; lastKnownFileType = sourcecode.swift; path = AddDebtorInfoButton.swift; sourceTree = "<group>"; };
		4A4F136726215BB900B70F0C /* AddDebtViewModel.swift */ = {isa = PBXFileReference; lastKnownFileType = sourcecode.swift; path = AddDebtViewModel.swift; sourceTree = "<group>"; };
		4A4F136A26215C6900B70F0C /* DebtorStatus.swift */ = {isa = PBXFileReference; lastKnownFileType = sourcecode.swift; path = DebtorStatus.swift; sourceTree = "<group>"; };
		4A4F13702621662A00B70F0C /* CurrencyListView.swift */ = {isa = PBXFileReference; lastKnownFileType = sourcecode.swift; path = CurrencyListView.swift; sourceTree = "<group>"; };
		4A4F137C262171A900B70F0C /* Currency.swift */ = {isa = PBXFileReference; fileEncoding = 4; lastKnownFileType = sourcecode.swift; path = Currency.swift; sourceTree = "<group>"; };
		4A4F137F262171BE00B70F0C /* CurrencyModel.swift */ = {isa = PBXFileReference; fileEncoding = 4; lastKnownFileType = sourcecode.swift; path = CurrencyModel.swift; sourceTree = "<group>"; };
		4A4F13862621788F00B70F0C /* CurrencyCell.swift */ = {isa = PBXFileReference; lastKnownFileType = sourcecode.swift; path = CurrencyCell.swift; sourceTree = "<group>"; };
		4A5F1158262BE8A800A3285B /* AlertType.swift */ = {isa = PBXFileReference; lastKnownFileType = sourcecode.swift; path = AlertType.swift; sourceTree = "<group>"; };
		4A5F115E262BF8E600A3285B /* Extention+String.swift */ = {isa = PBXFileReference; lastKnownFileType = sourcecode.swift; path = "Extention+String.swift"; sourceTree = "<group>"; };
		4A5F1161262C1E5B00A3285B /* ContactController.swift */ = {isa = PBXFileReference; lastKnownFileType = sourcecode.swift; path = ContactController.swift; sourceTree = "<group>"; };
		4A5F1171262C55DC00A3285B /* ChooseDebtorsListView.swift */ = {isa = PBXFileReference; lastKnownFileType = sourcecode.swift; path = ChooseDebtorsListView.swift; sourceTree = "<group>"; };
		4A75EF532693BB8500394EA9 /* TwoButtonActionCancel.swift */ = {isa = PBXFileReference; lastKnownFileType = sourcecode.swift; path = TwoButtonActionCancel.swift; sourceTree = "<group>"; };
		4A7DCB07269364CF008185C8 /* UDKeys.swift */ = {isa = PBXFileReference; lastKnownFileType = sourcecode.swift; path = UDKeys.swift; sourceTree = "<group>"; };
		4A85D95E262332F500EAEC86 /* CurrencyViewModel.swift */ = {isa = PBXFileReference; lastKnownFileType = sourcecode.swift; path = CurrencyViewModel.swift; sourceTree = "<group>"; };
		4A85D96526248AE800EAEC86 /* AppSettings.swift */ = {isa = PBXFileReference; lastKnownFileType = sourcecode.swift; path = AppSettings.swift; sourceTree = "<group>"; };
		4A8FDAE82641E46F003CA238 /* DebtorsDebtsModel.swift */ = {isa = PBXFileReference; lastKnownFileType = sourcecode.swift; path = DebtorsDebtsModel.swift; sourceTree = "<group>"; };
		4A8FDAEC26424F72003CA238 /* AddPaymentView.swift */ = {isa = PBXFileReference; lastKnownFileType = sourcecode.swift; path = AddPaymentView.swift; sourceTree = "<group>"; };
		4A8FDAF026446A84003CA238 /* GraphicSettings.swift */ = {isa = PBXFileReference; lastKnownFileType = sourcecode.swift; path = GraphicSettings.swift; sourceTree = "<group>"; };
		4A8FDAF526448356003CA238 /* Extention+Date.swift */ = {isa = PBXFileReference; lastKnownFileType = sourcecode.swift; path = "Extention+Date.swift"; sourceTree = "<group>"; };
		4A8FDAF92644866D003CA238 /* AppNavigationButtons.swift */ = {isa = PBXFileReference; lastKnownFileType = sourcecode.swift; path = AppNavigationButtons.swift; sourceTree = "<group>"; };
		4A8FDAFE2644934C003CA238 /* DebtDetailSection.swift */ = {isa = PBXFileReference; lastKnownFileType = sourcecode.swift; path = DebtDetailSection.swift; sourceTree = "<group>"; };
		4A8FDB03264498C5003CA238 /* DebtPaymentViewModel.swift */ = {isa = PBXFileReference; lastKnownFileType = sourcecode.swift; path = DebtPaymentViewModel.swift; sourceTree = "<group>"; };
		4A90DA4C2656D36300BA2E53 /* SimpleButtonModifire.swift */ = {isa = PBXFileReference; lastKnownFileType = sourcecode.swift; path = SimpleButtonModifire.swift; sourceTree = "<group>"; };
		4A90DA502660096B00BA2E53 /* DebtDetailHStackCell.swift */ = {isa = PBXFileReference; lastKnownFileType = sourcecode.swift; path = DebtDetailHStackCell.swift; sourceTree = "<group>"; };
		4A90DA55266C7DD400BA2E53 /* Extention+NumberFormatter.swift */ = {isa = PBXFileReference; lastKnownFileType = sourcecode.swift; path = "Extention+NumberFormatter.swift"; sourceTree = "<group>"; };
		4A9585B7262DBC5A0018A914 /* SettingsViewModel.swift */ = {isa = PBXFileReference; lastKnownFileType = sourcecode.swift; path = SettingsViewModel.swift; sourceTree = "<group>"; };
		4A9585BD2630BB9A0018A914 /* MyDateFormatter.swift */ = {isa = PBXFileReference; lastKnownFileType = sourcecode.swift; path = MyDateFormatter.swift; sourceTree = "<group>"; };
		4AC21B5E261D69F6001FF9EB /* DebtsView.swift */ = {isa = PBXFileReference; lastKnownFileType = sourcecode.swift; path = DebtsView.swift; sourceTree = "<group>"; };
		4AC8901F269F0A5500B21363 /* AddDebtView.swift */ = {isa = PBXFileReference; fileEncoding = 4; lastKnownFileType = sourcecode.swift; path = AddDebtView.swift; sourceTree = "<group>"; };
		4AC89020269F0A5500B21363 /* DebtorInfoSectionView.swift */ = {isa = PBXFileReference; fileEncoding = 4; lastKnownFileType = sourcecode.swift; path = DebtorInfoSectionView.swift; sourceTree = "<group>"; };
		4AC89023269F0B9700B21363 /* DebtSectionView.swift */ = {isa = PBXFileReference; lastKnownFileType = sourcecode.swift; path = DebtSectionView.swift; sourceTree = "<group>"; };
		4AC89025269F0C0200B21363 /* InterestSectionView.swift */ = {isa = PBXFileReference; lastKnownFileType = sourcecode.swift; path = InterestSectionView.swift; sourceTree = "<group>"; };
		4AC89027269F0C5A00B21363 /* PenaltySectionView.swift */ = {isa = PBXFileReference; lastKnownFileType = sourcecode.swift; path = PenaltySectionView.swift; sourceTree = "<group>"; };
		4AC89029269F0CFA00B21363 /* EditedDebtSectionView.swift */ = {isa = PBXFileReference; lastKnownFileType = sourcecode.swift; path = EditedDebtSectionView.swift; sourceTree = "<group>"; };
		4ACCC90526260CCF009AD9E3 /* DebtsViewModel.swift */ = {isa = PBXFileReference; lastKnownFileType = sourcecode.swift; path = DebtsViewModel.swift; sourceTree = "<group>"; };
		4ACCC90826261E4A009AD9E3 /* DebtorsView.swift */ = {isa = PBXFileReference; lastKnownFileType = sourcecode.swift; path = DebtorsView.swift; sourceTree = "<group>"; };
		4ACCC90B262625EC009AD9E3 /* CellModifire.swift */ = {isa = PBXFileReference; lastKnownFileType = sourcecode.swift; path = CellModifire.swift; sourceTree = "<group>"; };
		4AE1E55026999687007E8375 /* MessageComposeView.swift */ = {isa = PBXFileReference; lastKnownFileType = sourcecode.swift; path = MessageComposeView.swift; sourceTree = "<group>"; };
		4AE1E5522699C3DF007E8375 /* ConnectionManager.swift */ = {isa = PBXFileReference; lastKnownFileType = sourcecode.swift; path = ConnectionManager.swift; sourceTree = "<group>"; };
		4AE1E5552699C9F8007E8375 /* MailView.swift */ = {isa = PBXFileReference; lastKnownFileType = sourcecode.swift; path = MailView.swift; sourceTree = "<group>"; };
		4AE1E557269B57B0007E8375 /* AppID.swift */ = {isa = PBXFileReference; fileEncoding = 4; lastKnownFileType = sourcecode.swift; path = AppID.swift; sourceTree = "<group>"; };
		4AE1E559269B634D007E8375 /* FeedbackButton.swift */ = {isa = PBXFileReference; lastKnownFileType = sourcecode.swift; path = FeedbackButton.swift; sourceTree = "<group>"; };
		4AE1E55C269ECA91007E8375 /* PenaltyType.swift */ = {isa = PBXFileReference; lastKnownFileType = sourcecode.swift; path = PenaltyType.swift; sourceTree = "<group>"; };
		4AF3D980261CEB2B0045EB79 /* Page.swift */ = {isa = PBXFileReference; lastKnownFileType = sourcecode.swift; path = Page.swift; sourceTree = "<group>"; };
		4AF3D983261CEDFA0045EB79 /* TabBarAddButton.swift */ = {isa = PBXFileReference; lastKnownFileType = sourcecode.swift; path = TabBarAddButton.swift; sourceTree = "<group>"; };
		68F14F4225ECA9A300A70A57 /* Debts.app */ = {isa = PBXFileReference; explicitFileType = wrapper.application; includeInIndex = 0; path = Debts.app; sourceTree = BUILT_PRODUCTS_DIR; };
		68F14F4525ECA9A300A70A57 /* DebtsApp.swift */ = {isa = PBXFileReference; lastKnownFileType = sourcecode.swift; path = DebtsApp.swift; sourceTree = "<group>"; };
		68F14F4725ECA9A300A70A57 /* MainTabView.swift */ = {isa = PBXFileReference; lastKnownFileType = sourcecode.swift; path = MainTabView.swift; sourceTree = "<group>"; };
		68F14F4925ECA9A400A70A57 /* Assets.xcassets */ = {isa = PBXFileReference; lastKnownFileType = folder.assetcatalog; path = Assets.xcassets; sourceTree = "<group>"; };
		68F14F4C25ECA9A400A70A57 /* Preview Assets.xcassets */ = {isa = PBXFileReference; lastKnownFileType = folder.assetcatalog; path = "Preview Assets.xcassets"; sourceTree = "<group>"; };
		68F14F4E25ECA9A400A70A57 /* CDStack.swift */ = {isa = PBXFileReference; lastKnownFileType = sourcecode.swift; path = CDStack.swift; sourceTree = "<group>"; };
		68F14F5125ECA9A400A70A57 /* Debts.xcdatamodel */ = {isa = PBXFileReference; lastKnownFileType = wrapper.xcdatamodel; path = Debts.xcdatamodel; sourceTree = "<group>"; };
		68F14F5325ECA9A400A70A57 /* Info.plist */ = {isa = PBXFileReference; lastKnownFileType = text.plist.xml; path = Info.plist; sourceTree = "<group>"; };
		68F14F5A25ECAA4700A70A57 /* Debts.entitlements */ = {isa = PBXFileReference; lastKnownFileType = text.plist.entitlements; path = Debts.entitlements; sourceTree = "<group>"; };
		68F14F5D25ECAA4A00A70A57 /* CloudKit.framework */ = {isa = PBXFileReference; lastKnownFileType = wrapper.framework; name = CloudKit.framework; path = System/Library/Frameworks/CloudKit.framework; sourceTree = SDKROOT; };
		68F14F6625ECB38C00A70A57 /* PercentType.swift */ = {isa = PBXFileReference; lastKnownFileType = sourcecode.swift; path = PercentType.swift; sourceTree = "<group>"; };
		C81D3A172749893B00E01D16 /* DebtPenaltySection.swift */ = {isa = PBXFileReference; lastKnownFileType = sourcecode.swift; path = DebtPenaltySection.swift; sourceTree = "<group>"; };
		C8403D2E27398605001A0B7B /* SortImage.swift */ = {isa = PBXFileReference; lastKnownFileType = sourcecode.swift; path = SortImage.swift; sourceTree = "<group>"; };
		C8403D3027398D29001A0B7B /* SortModel.swift */ = {isa = PBXFileReference; lastKnownFileType = sourcecode.swift; path = SortModel.swift; sourceTree = "<group>"; };
		C84E02A32764FFA300F20F55 /* DataManager.swift */ = {isa = PBXFileReference; lastKnownFileType = sourcecode.swift; path = DataManager.swift; sourceTree = "<group>"; };
		C86D84A22732428B004C089A /* Extention+Double.swift */ = {isa = PBXFileReference; lastKnownFileType = sourcecode.swift; path = "Extention+Double.swift"; sourceTree = "<group>"; };
		C86D84A427359592004C089A /* HistoryViewModel.swift */ = {isa = PBXFileReference; lastKnownFileType = sourcecode.swift; path = HistoryViewModel.swift; sourceTree = "<group>"; };
		C88534FC2750CE7300118976 /* CloseDebtButton.swift */ = {isa = PBXFileReference; lastKnownFileType = sourcecode.swift; path = CloseDebtButton.swift; sourceTree = "<group>"; };
		C88535002756217C00118976 /* CompareDebtorSheetButtonModifire.swift */ = {isa = PBXFileReference; lastKnownFileType = sourcecode.swift; path = CompareDebtorSheetButtonModifire.swift; sourceTree = "<group>"; };
		C88535042756B89600118976 /* CompareDebtsSheetView.swift */ = {isa = PBXFileReference; lastKnownFileType = sourcecode.swift; path = CompareDebtsSheetView.swift; sourceTree = "<group>"; };
		C88535062756BA2800118976 /* CustomActionSheetModifire.swift */ = {isa = PBXFileReference; lastKnownFileType = sourcecode.swift; path = CustomActionSheetModifire.swift; sourceTree = "<group>"; };
		C88535082756C67200118976 /* DebtorDataEditView.swift */ = {isa = PBXFileReference; lastKnownFileType = sourcecode.swift; path = DebtorDataEditView.swift; sourceTree = "<group>"; };
		C885350C27581D5700118976 /* BackgroundViewModifire.swift */ = {isa = PBXFileReference; lastKnownFileType = sourcecode.swift; path = BackgroundViewModifire.swift; sourceTree = "<group>"; };
		C885350E275CB46600118976 /* DebtDetailCellModifire.swift */ = {isa = PBXFileReference; lastKnownFileType = sourcecode.swift; path = DebtDetailCellModifire.swift; sourceTree = "<group>"; };
		C8853510275CB80100118976 /* DebtorDetailCellView.swift */ = {isa = PBXFileReference; lastKnownFileType = sourcecode.swift; path = DebtorDetailCellView.swift; sourceTree = "<group>"; };
		C8853513275CB91700118976 /* DebtorDetailPersonInfoView.swift */ = {isa = PBXFileReference; lastKnownFileType = sourcecode.swift; path = DebtorDetailPersonInfoView.swift; sourceTree = "<group>"; };
		C8853516275CD24400118976 /* DebtInitialAndBalanceDetailView.swift.swift */ = {isa = PBXFileReference; lastKnownFileType = sourcecode.swift; path = DebtInitialAndBalanceDetailView.swift.swift; sourceTree = "<group>"; };
		C8853518275CEABA00118976 /* HistoryCellView.swift */ = {isa = PBXFileReference; lastKnownFileType = sourcecode.swift; path = HistoryCellView.swift; sourceTree = "<group>"; };
		C885351A275CF3D200118976 /* NoDataBanner.swift */ = {isa = PBXFileReference; lastKnownFileType = sourcecode.swift; path = NoDataBanner.swift; sourceTree = "<group>"; };
		C885351C275DDB8900118976 /* ChooseDebtorsListCell.swift */ = {isa = PBXFileReference; lastKnownFileType = sourcecode.swift; path = ChooseDebtorsListCell.swift; sourceTree = "<group>"; };
		C8853520275DDFAE00118976 /* ImagePicker.swift */ = {isa = PBXFileReference; lastKnownFileType = sourcecode.swift; path = ImagePicker.swift; sourceTree = "<group>"; };
		C8A00C08275DE81E009E7EFD /* EditDebtorDataViewModel.swift */ = {isa = PBXFileReference; lastKnownFileType = sourcecode.swift; path = EditDebtorDataViewModel.swift; sourceTree = "<group>"; };
		C8A47409276289BC0038462F /* SortDebtorsModel.swift */ = {isa = PBXFileReference; lastKnownFileType = sourcecode.swift; path = SortDebtorsModel.swift; sourceTree = "<group>"; };
		C8A4740B2762A6D20038462F /* SortImageForLabel.swift */ = {isa = PBXFileReference; lastKnownFileType = sourcecode.swift; path = SortImageForLabel.swift; sourceTree = "<group>"; };
		C8A8FCF92722C383001BB6E4 /* ShareSheet.swift */ = {isa = PBXFileReference; lastKnownFileType = sourcecode.swift; path = ShareSheet.swift; sourceTree = "<group>"; };
		C8BDC48827670A33002EEF9A /* ImageCompressor.swift */ = {isa = PBXFileReference; lastKnownFileType = sourcecode.swift; path = ImageCompressor.swift; sourceTree = "<group>"; };
		C8BDC48A27670B18002EEF9A /* LoadingView.swift */ = {isa = PBXFileReference; fileEncoding = 4; lastKnownFileType = sourcecode.swift; path = LoadingView.swift; sourceTree = "<group>"; };
		C8BDC48C27671823002EEF9A /* HistoryHeaderView.swift */ = {isa = PBXFileReference; lastKnownFileType = sourcecode.swift; path = HistoryHeaderView.swift; sourceTree = "<group>"; };
		C8BDC48E276764A3002EEF9A /* VisualSettingSection.swift */ = {isa = PBXFileReference; lastKnownFileType = sourcecode.swift; path = VisualSettingSection.swift; sourceTree = "<group>"; };
		C8BDC4902767653B002EEF9A /* NotificationSection.swift */ = {isa = PBXFileReference; lastKnownFileType = sourcecode.swift; path = NotificationSection.swift; sourceTree = "<group>"; };
		C8BDC49227676572002EEF9A /* FeedbackSection.swift */ = {isa = PBXFileReference; lastKnownFileType = sourcecode.swift; path = FeedbackSection.swift; sourceTree = "<group>"; };
		C8BDC49427676614002EEF9A /* PrivacySection.swift */ = {isa = PBXFileReference; lastKnownFileType = sourcecode.swift; path = PrivacySection.swift; sourceTree = "<group>"; };
		C8BDC496276771B2002EEF9A /* AuthenticationManager.swift */ = {isa = PBXFileReference; lastKnownFileType = sourcecode.swift; path = AuthenticationManager.swift; sourceTree = "<group>"; };
/* End PBXFileReference section */

/* Begin PBXFrameworksBuildPhase section */
		68F14F3F25ECA9A300A70A57 /* Frameworks */ = {
			isa = PBXFrameworksBuildPhase;
			buildActionMask = 2147483647;
			files = (
				68F14F5E25ECAA4A00A70A57 /* CloudKit.framework in Frameworks */,
			);
			runOnlyForDeploymentPostprocessing = 0;
		};
/* End PBXFrameworksBuildPhase section */

/* Begin PBXGroup section */
		4A18BDBC2651321E00C7A4B1 /* PaymentsView */ = {
			isa = PBXGroup;
			children = (
				4A18BDB62651304300C7A4B1 /* PaymentsView.swift */,
				4A487AF42650F00200FE185C /* PaymentCellView.swift */,
				4A8FDAEC26424F72003CA238 /* AddPaymentView.swift */,
			);
			path = PaymentsView;
			sourceTree = "<group>";
		};
		4A30A9282627485600CBA6B7 /* DebtsView */ = {
			isa = PBXGroup;
			children = (
				4AC21B5E261D69F6001FF9EB /* DebtsView.swift */,
				4A30A9222627450300CBA6B7 /* DebtsCellView.swift */,
				4A30A91F2627428A00CBA6B7 /* DebtDetailsView.swift */,
				4A90DA5226600C2300BA2E53 /* DebtDetailSection */,
				4AC8901E269F0A5500B21363 /* AddDebtView */,
				4A18BDBC2651321E00C7A4B1 /* PaymentsView */,
			);
			path = DebtsView;
			sourceTree = "<group>";
		};
		4A30A9292627486000CBA6B7 /* DebtorsView */ = {
			isa = PBXGroup;
			children = (
				4ACCC90826261E4A009AD9E3 /* DebtorsView.swift */,
				4A30A9252627475D00CBA6B7 /* DebtorsCellView.swift */,
				C8853512275CB89500118976 /* DebtorDetailView */,
			);
			path = DebtorsView;
			sourceTree = "<group>";
		};
		4A30A92B2627529500CBA6B7 /* CurrencyView */ = {
			isa = PBXGroup;
			children = (
				4A4F13702621662A00B70F0C /* CurrencyListView.swift */,
				4A4F13862621788F00B70F0C /* CurrencyCell.swift */,
			);
			path = CurrencyView;
			sourceTree = "<group>";
		};
		4A4F136E26215F1100B70F0C /* SupportingView */ = {
			isa = PBXGroup;
			children = (
				4AF3D983261CEDFA0045EB79 /* TabBarAddButton.swift */,
				4A4F13632621583A00B70F0C /* AddDebtorInfoButton.swift */,
				4A27319F262AA604002658B6 /* PersonImage.swift */,
				4A5F1161262C1E5B00A3285B /* ContactController.swift */,
				4A8FDAF92644866D003CA238 /* AppNavigationButtons.swift */,
				4AE1E55026999687007E8375 /* MessageComposeView.swift */,
				4AE1E5552699C9F8007E8375 /* MailView.swift */,
				C88535042756B89600118976 /* CompareDebtsSheetView.swift */,
				C885351A275CF3D200118976 /* NoDataBanner.swift */,
				C8853520275DDFAE00118976 /* ImagePicker.swift */,
				C8BDC48827670A33002EEF9A /* ImageCompressor.swift */,
				C8A4740B2762A6D20038462F /* SortImageForLabel.swift */,
				C8BDC48A27670B18002EEF9A /* LoadingView.swift */,
				4A90DA4E2656D3DA00BA2E53 /* Modifires */,
			);
			path = SupportingView;
			sourceTree = "<group>";
		};
		4A4F13822621731700B70F0C /* ViewModel */ = {
			isa = PBXGroup;
			children = (
				4ACCC90526260CCF009AD9E3 /* DebtsViewModel.swift */,
				4A4F136726215BB900B70F0C /* AddDebtViewModel.swift */,
				4A9585B7262DBC5A0018A914 /* SettingsViewModel.swift */,
				4A85D95E262332F500EAEC86 /* CurrencyViewModel.swift */,
				4A8FDB03264498C5003CA238 /* DebtPaymentViewModel.swift */,
				C86D84A427359592004C089A /* HistoryViewModel.swift */,
				C8A00C08275DE81E009E7EFD /* EditDebtorDataViewModel.swift */,
			);
			path = ViewModel;
			sourceTree = "<group>";
		};
		4A5F1154262BE76600A3285B /* CDStack */ = {
			isa = PBXGroup;
			children = (
				68F14F4E25ECA9A400A70A57 /* CDStack.swift */,
				4A2731B4262AB362002658B6 /* DebtorCD+CoreDataClass.swift */,
				4A2731B5262AB362002658B6 /* DebtorCD+CoreDataProperties.swift */,
				4A2731B6262AB362002658B6 /* DebtCD+CoreDataClass.swift */,
				4A2731B7262AB362002658B6 /* DebtCD+CoreDataProperties.swift */,
				4A2731B2262AB362002658B6 /* PaymentCD+CoreDataClass.swift */,
				4A2731B3262AB362002658B6 /* PaymentCD+CoreDataProperties.swift */,
			);
			path = CDStack;
			sourceTree = "<group>";
		};
		4A85D96326248AD700EAEC86 /* SupportFiles */ = {
			isa = PBXGroup;
			children = (
				4A7DCB07269364CF008185C8 /* UDKeys.swift */,
				4AE1E557269B57B0007E8375 /* AppID.swift */,
				4A4F137C262171A900B70F0C /* Currency.swift */,
				4A85D96526248AE800EAEC86 /* AppSettings.swift */,
				4A9585BD2630BB9A0018A914 /* MyDateFormatter.swift */,
				4A8FDAF026446A84003CA238 /* GraphicSettings.swift */,
				4A18BDB22651287000C7A4B1 /* LocalStrings.swift */,
				C8A8FCF92722C383001BB6E4 /* ShareSheet.swift */,
				4A90DA4F2656E6D200BA2E53 /* Extentions */,
			);
			path = SupportFiles;
			sourceTree = "<group>";
		};
		4A90DA4E2656D3DA00BA2E53 /* Modifires */ = {
			isa = PBXGroup;
			children = (
				4A18BDAC2651258D00C7A4B1 /* OneButtonAlert.swift */,
				4A75EF532693BB8500394EA9 /* TwoButtonActionCancel.swift */,
				4ACCC90B262625EC009AD9E3 /* CellModifire.swift */,
				4A90DA4C2656D36300BA2E53 /* SimpleButtonModifire.swift */,
				C88535002756217C00118976 /* CompareDebtorSheetButtonModifire.swift */,
				C88535062756BA2800118976 /* CustomActionSheetModifire.swift */,
				C885350C27581D5700118976 /* BackgroundViewModifire.swift */,
				C885350E275CB46600118976 /* DebtDetailCellModifire.swift */,
			);
			path = Modifires;
			sourceTree = "<group>";
		};
		4A90DA4F2656E6D200BA2E53 /* Extentions */ = {
			isa = PBXGroup;
			children = (
				4A5F115E262BF8E600A3285B /* Extention+String.swift */,
				4A8FDAF526448356003CA238 /* Extention+Date.swift */,
				4A90DA55266C7DD400BA2E53 /* Extention+NumberFormatter.swift */,
				C86D84A22732428B004C089A /* Extention+Double.swift */,
			);
			path = Extentions;
			sourceTree = "<group>";
		};
		4A90DA5226600C2300BA2E53 /* DebtDetailSection */ = {
			isa = PBXGroup;
			children = (
				4A8FDAFE2644934C003CA238 /* DebtDetailSection.swift */,
				C81D3A172749893B00E01D16 /* DebtPenaltySection.swift */,
				4A90DA502660096B00BA2E53 /* DebtDetailHStackCell.swift */,
			);
			path = DebtDetailSection;
			sourceTree = "<group>";
		};
		4AC8901E269F0A5500B21363 /* AddDebtView */ = {
			isa = PBXGroup;
			children = (
				4AC8901F269F0A5500B21363 /* AddDebtView.swift */,
				4AC89020269F0A5500B21363 /* DebtorInfoSectionView.swift */,
				4AC89023269F0B9700B21363 /* DebtSectionView.swift */,
				4AC89025269F0C0200B21363 /* InterestSectionView.swift */,
				4AC89027269F0C5A00B21363 /* PenaltySectionView.swift */,
				4AC89029269F0CFA00B21363 /* EditedDebtSectionView.swift */,
				4A5F1171262C55DC00A3285B /* ChooseDebtorsListView.swift */,
				C885351C275DDB8900118976 /* ChooseDebtorsListCell.swift */,
				C88534FC2750CE7300118976 /* CloseDebtButton.swift */,
			);
			path = AddDebtView;
			sourceTree = "<group>";
		};
		4AE1E5542699C4E3007E8375 /* Managers */ = {
			isa = PBXGroup;
			children = (
				4A018557268EFDC800835CAD /* NotificationManager.swift */,
				4AE1E5522699C3DF007E8375 /* ConnectionManager.swift */,
				C84E02A32764FFA300F20F55 /* DataManager.swift */,
				C8BDC496276771B2002EEF9A /* AuthenticationManager.swift */,
			);
			path = Managers;
			sourceTree = "<group>";
		};
		4AE1E55B269B6420007E8375 /* SettingsView */ = {
			isa = PBXGroup;
			children = (
				4A30A9172626A9A000CBA6B7 /* SettingsView.swift */,
				C8BDC48E276764A3002EEF9A /* VisualSettingSection.swift */,
				C8BDC4902767653B002EEF9A /* NotificationSection.swift */,
				C8BDC49427676614002EEF9A /* PrivacySection.swift */,
				C8BDC49227676572002EEF9A /* FeedbackSection.swift */,
				4AE1E559269B634D007E8375 /* FeedbackButton.swift */,
			);
			path = SettingsView;
			sourceTree = "<group>";
		};
		4AF3D986261CEECB0045EB79 /* View */ = {
			isa = PBXGroup;
			children = (
				68F14F4725ECA9A300A70A57 /* MainTabView.swift */,
				4A30A9282627485600CBA6B7 /* DebtsView */,
				4A30A9292627486000CBA6B7 /* DebtorsView */,
				C8853515275CD04A00118976 /* HistoryView */,
				4AE1E55B269B6420007E8375 /* SettingsView */,
				4A30A92B2627529500CBA6B7 /* CurrencyView */,
				4A4F136E26215F1100B70F0C /* SupportingView */,
			);
			path = View;
			sourceTree = "<group>";
		};
		68F14F3925ECA9A300A70A57 = {
			isa = PBXGroup;
			children = (
				68F14F4425ECA9A300A70A57 /* Debts */,
				68F14F4325ECA9A300A70A57 /* Products */,
				68F14F5C25ECAA4A00A70A57 /* Frameworks */,
			);
			sourceTree = "<group>";
		};
		68F14F4325ECA9A300A70A57 /* Products */ = {
			isa = PBXGroup;
			children = (
				68F14F4225ECA9A300A70A57 /* Debts.app */,
			);
			name = Products;
			sourceTree = "<group>";
		};
		68F14F4425ECA9A300A70A57 /* Debts */ = {
			isa = PBXGroup;
			children = (
				68F14F4525ECA9A300A70A57 /* DebtsApp.swift */,
				68F14F6325ECAAEE00A70A57 /* Model */,
				4A4F13822621731700B70F0C /* ViewModel */,
				4AF3D986261CEECB0045EB79 /* View */,
				4A85D96326248AD700EAEC86 /* SupportFiles */,
				4AE1E5542699C4E3007E8375 /* Managers */,
				4A5F1154262BE76600A3285B /* CDStack */,
				68F14F4925ECA9A400A70A57 /* Assets.xcassets */,
				68F14F5A25ECAA4700A70A57 /* Debts.entitlements */,
				68F14F5025ECA9A400A70A57 /* Debts.xcdatamodeld */,
				68F14F5325ECA9A400A70A57 /* Info.plist */,
				68F14F4B25ECA9A400A70A57 /* Preview Content */,
			);
			path = Debts;
			sourceTree = "<group>";
		};
		68F14F4B25ECA9A400A70A57 /* Preview Content */ = {
			isa = PBXGroup;
			children = (
				68F14F4C25ECA9A400A70A57 /* Preview Assets.xcassets */,
			);
			path = "Preview Content";
			sourceTree = "<group>";
		};
		68F14F5C25ECAA4A00A70A57 /* Frameworks */ = {
			isa = PBXGroup;
			children = (
				68F14F5D25ECAA4A00A70A57 /* CloudKit.framework */,
			);
			name = Frameworks;
			sourceTree = "<group>";
		};
		68F14F6325ECAAEE00A70A57 /* Model */ = {
			isa = PBXGroup;
			children = (
				4A4F137F262171BE00B70F0C /* CurrencyModel.swift */,
				4A8FDAE82641E46F003CA238 /* DebtorsDebtsModel.swift */,
				4A4F136A26215C6900B70F0C /* DebtorStatus.swift */,
				68F14F6625ECB38C00A70A57 /* PercentType.swift */,
				4AE1E55C269ECA91007E8375 /* PenaltyType.swift */,
				4AF3D980261CEB2B0045EB79 /* Page.swift */,
				4A4F135C262065D600B70F0C /* SheetType.swift */,
				4A5F1158262BE8A800A3285B /* AlertType.swift */,
				C8403D2E27398605001A0B7B /* SortImage.swift */,
				C8403D3027398D29001A0B7B /* SortModel.swift */,
				C8A47409276289BC0038462F /* SortDebtorsModel.swift */,
			);
			path = Model;
			sourceTree = "<group>";
		};
		C8853512275CB89500118976 /* DebtorDetailView */ = {
			isa = PBXGroup;
			children = (
				4A2731A2262AA9FB002658B6 /* DebtorDetailView.swift */,
				C8853513275CB91700118976 /* DebtorDetailPersonInfoView.swift */,
				C8853510275CB80100118976 /* DebtorDetailCellView.swift */,
				C8853516275CD24400118976 /* DebtInitialAndBalanceDetailView.swift.swift */,
				C88535082756C67200118976 /* DebtorDataEditView.swift */,
			);
			path = DebtorDetailView;
			sourceTree = "<group>";
		};
		C8853515275CD04A00118976 /* HistoryView */ = {
			isa = PBXGroup;
			children = (
				4A30A91A2626AAEE00CBA6B7 /* HistoryView.swift */,
				C8BDC48C27671823002EEF9A /* HistoryHeaderView.swift */,
				C8853518275CEABA00118976 /* HistoryCellView.swift */,
			);
			path = HistoryView;
			sourceTree = "<group>";
		};
/* End PBXGroup section */

/* Begin PBXNativeTarget section */
		68F14F4125ECA9A300A70A57 /* Debts */ = {
			isa = PBXNativeTarget;
			buildConfigurationList = 68F14F5625ECA9A400A70A57 /* Build configuration list for PBXNativeTarget "Debts" */;
			buildPhases = (
				68F14F3E25ECA9A300A70A57 /* Sources */,
				68F14F3F25ECA9A300A70A57 /* Frameworks */,
				68F14F4025ECA9A300A70A57 /* Resources */,
			);
			buildRules = (
			);
			dependencies = (
			);
			name = Debts;
			productName = Debts;
			productReference = 68F14F4225ECA9A300A70A57 /* Debts.app */;
			productType = "com.apple.product-type.application";
		};
/* End PBXNativeTarget section */

/* Begin PBXProject section */
		68F14F3A25ECA9A300A70A57 /* Project object */ = {
			isa = PBXProject;
			attributes = {
				LastSwiftUpdateCheck = 1240;
				LastUpgradeCheck = 1240;
				TargetAttributes = {
					68F14F4125ECA9A300A70A57 = {
						CreatedOnToolsVersion = 12.4;
					};
				};
			};
			buildConfigurationList = 68F14F3D25ECA9A300A70A57 /* Build configuration list for PBXProject "Debts" */;
			compatibilityVersion = "Xcode 9.3";
			developmentRegion = en;
			hasScannedForEncodings = 0;
			knownRegions = (
				en,
				Base,
			);
			mainGroup = 68F14F3925ECA9A300A70A57;
			productRefGroup = 68F14F4325ECA9A300A70A57 /* Products */;
			projectDirPath = "";
			projectRoot = "";
			targets = (
				68F14F4125ECA9A300A70A57 /* Debts */,
			);
		};
/* End PBXProject section */

/* Begin PBXResourcesBuildPhase section */
		68F14F4025ECA9A300A70A57 /* Resources */ = {
			isa = PBXResourcesBuildPhase;
			buildActionMask = 2147483647;
			files = (
				68F14F4D25ECA9A400A70A57 /* Preview Assets.xcassets in Resources */,
				68F14F4A25ECA9A400A70A57 /* Assets.xcassets in Resources */,
			);
			runOnlyForDeploymentPostprocessing = 0;
		};
/* End PBXResourcesBuildPhase section */

/* Begin PBXSourcesBuildPhase section */
		68F14F3E25ECA9A300A70A57 /* Sources */ = {
			isa = PBXSourcesBuildPhase;
			buildActionMask = 2147483647;
			files = (
				4A90DA512660096B00BA2E53 /* DebtDetailHStackCell.swift in Sources */,
				C885351B275CF3D200118976 /* NoDataBanner.swift in Sources */,
				4A2731A3262AA9FB002658B6 /* DebtorDetailView.swift in Sources */,
				C885350F275CB46600118976 /* DebtDetailCellModifire.swift in Sources */,
				4ACCC90C262625EC009AD9E3 /* CellModifire.swift in Sources */,
				68F14F5225ECA9A400A70A57 /* Debts.xcdatamodeld in Sources */,
				C81D3A182749893B00E01D16 /* DebtPenaltySection.swift in Sources */,
				4A5F1159262BE8A800A3285B /* AlertType.swift in Sources */,
				C8BDC49327676572002EEF9A /* FeedbackSection.swift in Sources */,
				C8403D2F27398605001A0B7B /* SortImage.swift in Sources */,
				C8853514275CB91700118976 /* DebtorDetailPersonInfoView.swift in Sources */,
				4ACCC90626260CCF009AD9E3 /* DebtsViewModel.swift in Sources */,
				4A8FDAF626448356003CA238 /* Extention+Date.swift in Sources */,
				C8A00C09275DE81E009E7EFD /* EditDebtorDataViewModel.swift in Sources */,
				4A18BDB32651287000C7A4B1 /* LocalStrings.swift in Sources */,
				4A8FDAFA2644866D003CA238 /* AppNavigationButtons.swift in Sources */,
				C8853519275CEABA00118976 /* HistoryCellView.swift in Sources */,
				4A85D95F262332F500EAEC86 /* CurrencyViewModel.swift in Sources */,
				C8BDC49527676614002EEF9A /* PrivacySection.swift in Sources */,
				4AC8902A269F0CFA00B21363 /* EditedDebtSectionView.swift in Sources */,
				C8A8FCFA2722C383001BB6E4 /* ShareSheet.swift in Sources */,
				4A18BDAD2651258D00C7A4B1 /* OneButtonAlert.swift in Sources */,
				4A4F1380262171BE00B70F0C /* CurrencyModel.swift in Sources */,
				4ACCC90926261E4A009AD9E3 /* DebtorsView.swift in Sources */,
				4A2731BD262AB362002658B6 /* DebtCD+CoreDataProperties.swift in Sources */,
				4AF3D981261CEB2B0045EB79 /* Page.swift in Sources */,
				4A4F13872621789000B70F0C /* CurrencyCell.swift in Sources */,
				68F14F4F25ECA9A400A70A57 /* CDStack.swift in Sources */,
				4A5F1162262C1E5B00A3285B /* ContactController.swift in Sources */,
				4A8FDAE92641E46F003CA238 /* DebtorsDebtsModel.swift in Sources */,
				C8853521275DDFAF00118976 /* ImagePicker.swift in Sources */,
				4A2731BB262AB362002658B6 /* DebtorCD+CoreDataProperties.swift in Sources */,
				4A18BDB72651304300C7A4B1 /* PaymentsView.swift in Sources */,
				4A9585B8262DBC5A0018A914 /* SettingsViewModel.swift in Sources */,
				4A2731B8262AB362002658B6 /* PaymentCD+CoreDataClass.swift in Sources */,
				C8BDC497276771B2002EEF9A /* AuthenticationManager.swift in Sources */,
				68F14F6725ECB38C00A70A57 /* PercentType.swift in Sources */,
				4AE1E558269B57B0007E8375 /* AppID.swift in Sources */,
				4AE1E5532699C3DF007E8375 /* ConnectionManager.swift in Sources */,
				4AE1E55D269ECA91007E8375 /* PenaltyType.swift in Sources */,
				4A2731BA262AB362002658B6 /* DebtorCD+CoreDataClass.swift in Sources */,
				4A9585BE2630BB9A0018A914 /* MyDateFormatter.swift in Sources */,
				4A2731BC262AB362002658B6 /* DebtCD+CoreDataClass.swift in Sources */,
				4A90DA56266C7DD400BA2E53 /* Extention+NumberFormatter.swift in Sources */,
				C8403D3127398D29001A0B7B /* SortModel.swift in Sources */,
				4A5F1172262C55DC00A3285B /* ChooseDebtorsListView.swift in Sources */,
				4A8FDAED26424F72003CA238 /* AddPaymentView.swift in Sources */,
				4AC89022269F0A5500B21363 /* DebtorInfoSectionView.swift in Sources */,
				4AC21B5F261D69F6001FF9EB /* DebtsView.swift in Sources */,
				4A8FDAFF2644934C003CA238 /* DebtDetailSection.swift in Sources */,
				4A2731A0262AA604002658B6 /* PersonImage.swift in Sources */,
				C885351D275DDB8900118976 /* ChooseDebtorsListCell.swift in Sources */,
				68F14F4825ECA9A300A70A57 /* MainTabView.swift in Sources */,
				C8853517275CD24400118976 /* DebtInitialAndBalanceDetailView.swift.swift in Sources */,
				4A4F135D262065D600B70F0C /* SheetType.swift in Sources */,
				C88534FD2750CE7300118976 /* CloseDebtButton.swift in Sources */,
				4A4F137D262171A900B70F0C /* Currency.swift in Sources */,
				68F14F4625ECA9A300A70A57 /* DebtsApp.swift in Sources */,
				4A30A9232627450300CBA6B7 /* DebtsCellView.swift in Sources */,
				4A30A9202627428A00CBA6B7 /* DebtDetailsView.swift in Sources */,
				4A4F13642621583A00B70F0C /* AddDebtorInfoButton.swift in Sources */,
				4A4F13712621662A00B70F0C /* CurrencyListView.swift in Sources */,
				4AC89021269F0A5500B21363 /* AddDebtView.swift in Sources */,
				4A2731B9262AB362002658B6 /* PaymentCD+CoreDataProperties.swift in Sources */,
				4A8FDB04264498C5003CA238 /* DebtPaymentViewModel.swift in Sources */,
				4A30A91B2626AAEE00CBA6B7 /* HistoryView.swift in Sources */,
				4A4F136826215BB900B70F0C /* AddDebtViewModel.swift in Sources */,
				C8BDC4912767653B002EEF9A /* NotificationSection.swift in Sources */,
				4A5F115F262BF8E600A3285B /* Extention+String.swift in Sources */,
				4AE1E55A269B634D007E8375 /* FeedbackButton.swift in Sources */,
				C8853511275CB80100118976 /* DebtorDetailCellView.swift in Sources */,
				4AC89024269F0B9700B21363 /* DebtSectionView.swift in Sources */,
				C86D84A527359592004C089A /* HistoryViewModel.swift in Sources */,
				C8A4740C2762A6D20038462F /* SortImageForLabel.swift in Sources */,
				C88535092756C67200118976 /* DebtorDataEditView.swift in Sources */,
				4A487AF52650F00200FE185C /* PaymentCellView.swift in Sources */,
				C8BDC48D27671823002EEF9A /* HistoryHeaderView.swift in Sources */,
				C88535052756B89600118976 /* CompareDebtsSheetView.swift in Sources */,
				4A90DA4D2656D36300BA2E53 /* SimpleButtonModifire.swift in Sources */,
				4A85D96626248AE800EAEC86 /* AppSettings.swift in Sources */,
				4A018558268EFDC800835CAD /* NotificationManager.swift in Sources */,
				4AC89028269F0C5A00B21363 /* PenaltySectionView.swift in Sources */,
				4AF3D984261CEDFA0045EB79 /* TabBarAddButton.swift in Sources */,
				C8A4740A276289BC0038462F /* SortDebtorsModel.swift in Sources */,
				C84E02A42764FFA300F20F55 /* DataManager.swift in Sources */,
				4A30A9182626A9A000CBA6B7 /* SettingsView.swift in Sources */,
				4A7DCB08269364CF008185C8 /* UDKeys.swift in Sources */,
				4A4F136B26215C6900B70F0C /* DebtorStatus.swift in Sources */,
				C88535072756BA2800118976 /* CustomActionSheetModifire.swift in Sources */,
				C8BDC48927670A33002EEF9A /* ImageCompressor.swift in Sources */,
				4AC89026269F0C0200B21363 /* InterestSectionView.swift in Sources */,
				C885350D27581D5700118976 /* BackgroundViewModifire.swift in Sources */,
				4A30A9262627475D00CBA6B7 /* DebtorsCellView.swift in Sources */,
				4A75EF542693BB8500394EA9 /* TwoButtonActionCancel.swift in Sources */,
				C8BDC48F276764A3002EEF9A /* VisualSettingSection.swift in Sources */,
				4A8FDAF126446A84003CA238 /* GraphicSettings.swift in Sources */,
				C86D84A32732428B004C089A /* Extention+Double.swift in Sources */,
				4AE1E5562699C9F8007E8375 /* MailView.swift in Sources */,
				C88535012756217C00118976 /* CompareDebtorSheetButtonModifire.swift in Sources */,
				C8BDC48B27670B18002EEF9A /* LoadingView.swift in Sources */,
				4AE1E55126999687007E8375 /* MessageComposeView.swift in Sources */,
			);
			runOnlyForDeploymentPostprocessing = 0;
		};
/* End PBXSourcesBuildPhase section */

/* Begin XCBuildConfiguration section */
		68F14F5425ECA9A400A70A57 /* Debug */ = {
			isa = XCBuildConfiguration;
			buildSettings = {
				ALWAYS_SEARCH_USER_PATHS = NO;
				CLANG_ANALYZER_NONNULL = YES;
				CLANG_ANALYZER_NUMBER_OBJECT_CONVERSION = YES_AGGRESSIVE;
				CLANG_CXX_LANGUAGE_STANDARD = "gnu++14";
				CLANG_CXX_LIBRARY = "libc++";
				CLANG_ENABLE_MODULES = YES;
				CLANG_ENABLE_OBJC_ARC = YES;
				CLANG_ENABLE_OBJC_WEAK = YES;
				CLANG_WARN_BLOCK_CAPTURE_AUTORELEASING = YES;
				CLANG_WARN_BOOL_CONVERSION = YES;
				CLANG_WARN_COMMA = YES;
				CLANG_WARN_CONSTANT_CONVERSION = YES;
				CLANG_WARN_DEPRECATED_OBJC_IMPLEMENTATIONS = YES;
				CLANG_WARN_DIRECT_OBJC_ISA_USAGE = YES_ERROR;
				CLANG_WARN_DOCUMENTATION_COMMENTS = YES;
				CLANG_WARN_EMPTY_BODY = YES;
				CLANG_WARN_ENUM_CONVERSION = YES;
				CLANG_WARN_INFINITE_RECURSION = YES;
				CLANG_WARN_INT_CONVERSION = YES;
				CLANG_WARN_NON_LITERAL_NULL_CONVERSION = YES;
				CLANG_WARN_OBJC_IMPLICIT_RETAIN_SELF = YES;
				CLANG_WARN_OBJC_LITERAL_CONVERSION = YES;
				CLANG_WARN_OBJC_ROOT_CLASS = YES_ERROR;
				CLANG_WARN_QUOTED_INCLUDE_IN_FRAMEWORK_HEADER = YES;
				CLANG_WARN_RANGE_LOOP_ANALYSIS = YES;
				CLANG_WARN_STRICT_PROTOTYPES = YES;
				CLANG_WARN_SUSPICIOUS_MOVE = YES;
				CLANG_WARN_UNGUARDED_AVAILABILITY = YES_AGGRESSIVE;
				CLANG_WARN_UNREACHABLE_CODE = YES;
				CLANG_WARN__DUPLICATE_METHOD_MATCH = YES;
				COPY_PHASE_STRIP = NO;
				DEBUG_INFORMATION_FORMAT = dwarf;
				ENABLE_STRICT_OBJC_MSGSEND = YES;
				ENABLE_TESTABILITY = YES;
				GCC_C_LANGUAGE_STANDARD = gnu11;
				GCC_DYNAMIC_NO_PIC = NO;
				GCC_NO_COMMON_BLOCKS = YES;
				GCC_OPTIMIZATION_LEVEL = 0;
				GCC_PREPROCESSOR_DEFINITIONS = (
					"DEBUG=1",
					"$(inherited)",
				);
				GCC_WARN_64_TO_32_BIT_CONVERSION = YES;
				GCC_WARN_ABOUT_RETURN_TYPE = YES_ERROR;
				GCC_WARN_UNDECLARED_SELECTOR = YES;
				GCC_WARN_UNINITIALIZED_AUTOS = YES_AGGRESSIVE;
				GCC_WARN_UNUSED_FUNCTION = YES;
				GCC_WARN_UNUSED_VARIABLE = YES;
				IPHONEOS_DEPLOYMENT_TARGET = 15.0;
				MTL_ENABLE_DEBUG_INFO = INCLUDE_SOURCE;
				MTL_FAST_MATH = YES;
				ONLY_ACTIVE_ARCH = YES;
				SDKROOT = iphoneos;
				SWIFT_ACTIVE_COMPILATION_CONDITIONS = DEBUG;
				SWIFT_OPTIMIZATION_LEVEL = "-Onone";
			};
			name = Debug;
		};
		68F14F5525ECA9A400A70A57 /* Release */ = {
			isa = XCBuildConfiguration;
			buildSettings = {
				ALWAYS_SEARCH_USER_PATHS = NO;
				CLANG_ANALYZER_NONNULL = YES;
				CLANG_ANALYZER_NUMBER_OBJECT_CONVERSION = YES_AGGRESSIVE;
				CLANG_CXX_LANGUAGE_STANDARD = "gnu++14";
				CLANG_CXX_LIBRARY = "libc++";
				CLANG_ENABLE_MODULES = YES;
				CLANG_ENABLE_OBJC_ARC = YES;
				CLANG_ENABLE_OBJC_WEAK = YES;
				CLANG_WARN_BLOCK_CAPTURE_AUTORELEASING = YES;
				CLANG_WARN_BOOL_CONVERSION = YES;
				CLANG_WARN_COMMA = YES;
				CLANG_WARN_CONSTANT_CONVERSION = YES;
				CLANG_WARN_DEPRECATED_OBJC_IMPLEMENTATIONS = YES;
				CLANG_WARN_DIRECT_OBJC_ISA_USAGE = YES_ERROR;
				CLANG_WARN_DOCUMENTATION_COMMENTS = YES;
				CLANG_WARN_EMPTY_BODY = YES;
				CLANG_WARN_ENUM_CONVERSION = YES;
				CLANG_WARN_INFINITE_RECURSION = YES;
				CLANG_WARN_INT_CONVERSION = YES;
				CLANG_WARN_NON_LITERAL_NULL_CONVERSION = YES;
				CLANG_WARN_OBJC_IMPLICIT_RETAIN_SELF = YES;
				CLANG_WARN_OBJC_LITERAL_CONVERSION = YES;
				CLANG_WARN_OBJC_ROOT_CLASS = YES_ERROR;
				CLANG_WARN_QUOTED_INCLUDE_IN_FRAMEWORK_HEADER = YES;
				CLANG_WARN_RANGE_LOOP_ANALYSIS = YES;
				CLANG_WARN_STRICT_PROTOTYPES = YES;
				CLANG_WARN_SUSPICIOUS_MOVE = YES;
				CLANG_WARN_UNGUARDED_AVAILABILITY = YES_AGGRESSIVE;
				CLANG_WARN_UNREACHABLE_CODE = YES;
				CLANG_WARN__DUPLICATE_METHOD_MATCH = YES;
				COPY_PHASE_STRIP = NO;
				DEBUG_INFORMATION_FORMAT = "dwarf-with-dsym";
				ENABLE_NS_ASSERTIONS = NO;
				ENABLE_STRICT_OBJC_MSGSEND = YES;
				GCC_C_LANGUAGE_STANDARD = gnu11;
				GCC_NO_COMMON_BLOCKS = YES;
				GCC_WARN_64_TO_32_BIT_CONVERSION = YES;
				GCC_WARN_ABOUT_RETURN_TYPE = YES_ERROR;
				GCC_WARN_UNDECLARED_SELECTOR = YES;
				GCC_WARN_UNINITIALIZED_AUTOS = YES_AGGRESSIVE;
				GCC_WARN_UNUSED_FUNCTION = YES;
				GCC_WARN_UNUSED_VARIABLE = YES;
				IPHONEOS_DEPLOYMENT_TARGET = 15.0;
				MTL_ENABLE_DEBUG_INFO = NO;
				MTL_FAST_MATH = YES;
				SDKROOT = iphoneos;
				SWIFT_COMPILATION_MODE = wholemodule;
				SWIFT_OPTIMIZATION_LEVEL = "-O";
				VALIDATE_PRODUCT = YES;
			};
			name = Release;
		};
		68F14F5725ECA9A400A70A57 /* Debug */ = {
			isa = XCBuildConfiguration;
			buildSettings = {
				ASSETCATALOG_COMPILER_APPICON_NAME = AppIcon;
				ASSETCATALOG_COMPILER_GLOBAL_ACCENT_COLOR_NAME = AccentColor;
				CODE_SIGN_ENTITLEMENTS = Debts/Debts.entitlements;
				CODE_SIGN_STYLE = Automatic;
				CURRENT_PROJECT_VERSION = 70;
				DEVELOPMENT_ASSET_PATHS = "\"Debts/Preview Content\"";
				DEVELOPMENT_TEAM = 7C46924T49;
				ENABLE_PREVIEWS = YES;
				INFOPLIST_FILE = Debts/Info.plist;
				IPHONEOS_DEPLOYMENT_TARGET = 15.0;
				LD_RUNPATH_SEARCH_PATHS = (
					"$(inherited)",
					"@executable_path/Frameworks",
				);
				MARKETING_VERSION = 5.0;
				PRODUCT_BUNDLE_IDENTIFIER = VSA.Debts;
				PRODUCT_NAME = "$(TARGET_NAME)";
				SWIFT_EMIT_LOC_STRINGS = YES;
				SWIFT_VERSION = 5.0;
				TARGETED_DEVICE_FAMILY = "1,2";
			};
			name = Debug;
		};
		68F14F5825ECA9A400A70A57 /* Release */ = {
			isa = XCBuildConfiguration;
			buildSettings = {
				ASSETCATALOG_COMPILER_APPICON_NAME = AppIcon;
				ASSETCATALOG_COMPILER_GLOBAL_ACCENT_COLOR_NAME = AccentColor;
				CODE_SIGN_ENTITLEMENTS = Debts/Debts.entitlements;
				CODE_SIGN_STYLE = Automatic;
				CURRENT_PROJECT_VERSION = 70;
				DEVELOPMENT_ASSET_PATHS = "\"Debts/Preview Content\"";
				DEVELOPMENT_TEAM = 7C46924T49;
				ENABLE_PREVIEWS = YES;
				INFOPLIST_FILE = Debts/Info.plist;
				IPHONEOS_DEPLOYMENT_TARGET = 15.0;
				LD_RUNPATH_SEARCH_PATHS = (
					"$(inherited)",
					"@executable_path/Frameworks",
				);
				MARKETING_VERSION = 5.0;
				PRODUCT_BUNDLE_IDENTIFIER = VSA.Debts;
				PRODUCT_NAME = "$(TARGET_NAME)";
				SWIFT_EMIT_LOC_STRINGS = YES;
				SWIFT_VERSION = 5.0;
				TARGETED_DEVICE_FAMILY = "1,2";
			};
			name = Release;
		};
/* End XCBuildConfiguration section */

/* Begin XCConfigurationList section */
		68F14F3D25ECA9A300A70A57 /* Build configuration list for PBXProject "Debts" */ = {
			isa = XCConfigurationList;
			buildConfigurations = (
				68F14F5425ECA9A400A70A57 /* Debug */,
				68F14F5525ECA9A400A70A57 /* Release */,
			);
			defaultConfigurationIsVisible = 0;
			defaultConfigurationName = Release;
		};
		68F14F5625ECA9A400A70A57 /* Build configuration list for PBXNativeTarget "Debts" */ = {
			isa = XCConfigurationList;
			buildConfigurations = (
				68F14F5725ECA9A400A70A57 /* Debug */,
				68F14F5825ECA9A400A70A57 /* Release */,
			);
			defaultConfigurationIsVisible = 0;
			defaultConfigurationName = Release;
		};
/* End XCConfigurationList section */

/* Begin XCVersionGroup section */
		68F14F5025ECA9A400A70A57 /* Debts.xcdatamodeld */ = {
			isa = XCVersionGroup;
			children = (
				68F14F5125ECA9A400A70A57 /* Debts.xcdatamodel */,
			);
			currentVersion = 68F14F5125ECA9A400A70A57 /* Debts.xcdatamodel */;
			path = Debts.xcdatamodeld;
			sourceTree = "<group>";
			versionGroupType = wrapper.xcdatamodel;
		};
/* End XCVersionGroup section */
	};
	rootObject = 68F14F3A25ECA9A300A70A57 /* Project object */;
}
